
Microsoft Visual Studio Solution File, Format Version 12.00
# Visual Studio 2015
Project("{FAE04EC0-301F-11D3-BF4B-00C04F79EFBC}") = "The Heavy Hand Demo.CSharp.Plugins", "The Heavy Hand Demo.CSharp.Plugins.csproj", "{4CB0F106-9C44-B46A-0475-A87765AAC822}"
EndProject
Project("{FAE04EC0-301F-11D3-BF4B-00C04F79EFBC}") = "The Heavy Hand Demo.CSharp", "The Heavy Hand Demo.CSharp.csproj", "{17AF3640-6707-2D4D-9EAF-5BB2B23B28E9}"
EndProject
Project("{FAE04EC0-301F-11D3-BF4B-00C04F79EFBC}") = "The Heavy Hand Demo.CSharp.Editor.Plugins", "The Heavy Hand Demo.CSharp.Editor.Plugins.csproj", "{32A81B57-EFBC-67AB-49B1-8B208F744C1F}"
EndProject
Global
	GlobalSection(SolutionConfigurationPlatforms) = preSolution
		Debug|Any CPU = Debug|Any CPU
		Release|Any CPU = Release|Any CPU
	EndGlobalSection
	GlobalSection(ProjectConfigurationPlatforms) = postSolution
		{4CB0F106-9C44-B46A-0475-A87765AAC822}.Debug|Any CPU.ActiveCfg = Debug|Any CPU
		{4CB0F106-9C44-B46A-0475-A87765AAC822}.Debug|Any CPU.Build.0 = Debug|Any CPU
		{4CB0F106-9C44-B46A-0475-A87765AAC822}.Release|Any CPU.ActiveCfg = Release|Any CPU
		{4CB0F106-9C44-B46A-0475-A87765AAC822}.Release|Any CPU.Build.0 = Release|Any CPU
		{17AF3640-6707-2D4D-9EAF-5BB2B23B28E9}.Debug|Any CPU.ActiveCfg = Debug|Any CPU
		{17AF3640-6707-2D4D-9EAF-5BB2B23B28E9}.Debug|Any CPU.Build.0 = Debug|Any CPU
		{17AF3640-6707-2D4D-9EAF-5BB2B23B28E9}.Release|Any CPU.ActiveCfg = Release|Any CPU
		{17AF3640-6707-2D4D-9EAF-5BB2B23B28E9}.Release|Any CPU.Build.0 = Release|Any CPU
		{32A81B57-EFBC-67AB-49B1-8B208F744C1F}.Debug|Any CPU.ActiveCfg = Debug|Any CPU
		{32A81B57-EFBC-67AB-49B1-8B208F744C1F}.Debug|Any CPU.Build.0 = Debug|Any CPU
		{32A81B57-EFBC-67AB-49B1-8B208F744C1F}.Release|Any CPU.ActiveCfg = Release|Any CPU
		{32A81B57-EFBC-67AB-49B1-8B208F744C1F}.Release|Any CPU.Build.0 = Release|Any CPU
	EndGlobalSection
	GlobalSection(SolutionProperties) = preSolution
		HideSolutionNode = FALSE
	EndGlobalSection
EndGlobal
